
Microsoft Visual Studio Solution File, Format Version 12.00
# Visual Studio Version 18
VisualStudioVersion = 18.0.11205.157
MinimumVisualStudioVersion = 10.0.40219.1
Project("{FAE04EC0-301F-11D3-BF4B-00C04F79EFBC}") = "BlazorMHD.UI", "BlazorMHD.UI.csproj", "{1341BED5-7363-05CC-8E13-935601F75AC0}"
EndProject
Global
	GlobalSection(SolutionConfigurationPlatforms) = preSolution
		Debug|Any CPU = Debug|Any CPU
		Release|Any CPU = Release|Any CPU
	EndGlobalSection
	GlobalSection(ProjectConfigurationPlatforms) = postSolution
		{1341BED5-7363-05CC-8E13-935601F75AC0}.Debug|Any CPU.ActiveCfg = Debug|Any CPU
		{1341BED5-7363-05CC-8E13-935601F75AC0}.Debug|Any CPU.Build.0 = Debug|Any CPU
		{1341BED5-7363-05CC-8E13-935601F75AC0}.Release|Any CPU.ActiveCfg = Release|Any CPU
		{1341BED5-7363-05CC-8E13-935601F75AC0}.Release|Any CPU.Build.0 = Release|Any CPU
	EndGlobalSection
	GlobalSection(SolutionProperties) = preSolution
		HideSolutionNode = FALSE
	EndGlobalSection
	GlobalSection(ExtensibilityGlobals) = postSolution
		SolutionGuid = {BCF8E8F3-8803-4B24-8E4E-A36575136DFD}
	EndGlobalSection
EndGlobal
