<Solution>
  <Folder Name="/Business/">
    <Project Path="Application/Application.csproj" />
    <Project Path="Domain/Domain.csproj" />
  </Folder>
  <Folder Name="/Infrastructure/">
    <Project Path="AuthPermissions/AuthPermissions.csproj" />
    <Project Path="Persistence/Persistence.csproj" />
    <Project Path="TaskResourceBlueprints/TaskResourceBlueprints.csproj" />
  </Folder>
  <Folder Name="/Presentation/">
    <Project Path="ProjectManagement.Adminstrator/ProjectManagement.Adminstrator.csproj" />
    <Project Path="ProjectManagement.AppHost/ProjectManagement.AppHost.csproj" />
    <Project Path="ProjectManagement/ProjectManagement.Client/ProjectManagement.Client.csproj" />
    <Project Path="ProjectManagement/ProjectManagement/ProjectManagement.csproj" />
  </Folder>
  <Folder Name="/Shared/">
    <Project Path="ProjectManagement.Client.Shared/ProjectManagement.Client.Shared.csproj" />
    <Project Path="ProjectManagement.ServiceDefaults/ProjectManagement.ServiceDefaults.csproj" />
    <Project Path="ProjectManagement.Shared/ProjectManagement.Shared.csproj" />
  </Folder>
  <Folder Name="/Tests/">
    <Project Path="Tests/ProjectManagement.Tests/ProjectManagement.Tests.csproj" />
  </Folder>
  <Project Path="../../../../../../Library/BlazorMHD/BlazorMHD.UI/BlazorMHD.UI.csproj" />
</Solution>
